
Microsoft Visual Studio Solution File, Format Version 10.00
# Visual Studio 2008
Project("{002A2DE9-8BB6-484D-9802-7E4AD4084715}") = "Diggler", "Diggler.visualdproj", "{807EC010-F28B-450C-A55C-AFA846C6E755}"
EndProject
Global
	GlobalSection(SolutionConfigurationPlatforms) = preSolution
		Debug|Win32 = Debug|Win32
		Release|Win32 = Release|Win32
	EndGlobalSection
	GlobalSection(ProjectConfigurationPlatforms) = postSolution
		{807EC010-F28B-450C-A55C-AFA846C6E755}.Debug|Win32.ActiveCfg = Debug|Win32
		{807EC010-F28B-450C-A55C-AFA846C6E755}.Debug|Win32.Build.0 = Debug|Win32
		{807EC010-F28B-450C-A55C-AFA846C6E755}.Release|Win32.ActiveCfg = Release|Win32
		{807EC010-F28B-450C-A55C-AFA846C6E755}.Release|Win32.Build.0 = Release|Win32
	EndGlobalSection
	GlobalSection(SolutionProperties) = preSolution
		HideSolutionNode = FALSE
	EndGlobalSection
EndGlobal
